# This file is automatically @generated by Cargo.
# It is not intended for manual editing.
version = 3

[[package]]
name = "atomic-polyfill"
version = "0.1.3"
source = "registry+https://github.com/rust-lang/crates.io-index"
checksum = "4a93ba5d6053837dbb76fd0ae26fd4f0c1859a008a783b0ce072b797c07f0f27"
dependencies = [
 "cortex-m",
]

[[package]]
name = "autocfg"
version = "1.0.1"
source = "registry+https://github.com/rust-lang/crates.io-index"
checksum = "cdb031dd78e28731d87d56cc8ffef4a8f36ca26c38fe2de700543e627f8a464a"

[[package]]
name = "bare-metal"
version = "0.2.5"
source = "registry+https://github.com/rust-lang/crates.io-index"
checksum = "5deb64efa5bd81e31fcd1938615a6d98c82eafcbcd787162b6f63b91d6bac5b3"
dependencies = [
 "rustc_version 0.2.3",
]

[[package]]
name = "bitaccess"
version = "0.3.0"
source = "registry+https://github.com/rust-lang/crates.io-index"
checksum = "c4f4ca6bf03c6f6b04c476dae5950419d9f4ac0914d12c1e2c301a561016cc2b"
dependencies = [
 "bitaccess_macros",
]

[[package]]
name = "bitaccess_macros"
version = "0.3.0"
source = "registry+https://github.com/rust-lang/crates.io-index"
checksum = "bb7151ac7854b1bae8c5e38a483b4799c4a44ae7f9c250471e500ff224400ddf"
dependencies = [
 "convert_case",
 "proc-macro-error",
 "proc-macro2",
 "quote",
 "syn",
]

[[package]]
name = "bitfield"
version = "0.13.2"
source = "registry+https://github.com/rust-lang/crates.io-index"
checksum = "46afbd2983a5d5a7bd740ccb198caf5b82f45c40c09c0eed36052d91cb92e719"

[[package]]
name = "bitflags"
version = "1.3.2"
source = "registry+https://github.com/rust-lang/crates.io-index"
checksum = "bef38d45163c2f1dde094a7dfd33ccf595c92905c8f8f4fdc18d06fb1037718a"

[[package]]
name = "byteorder"
version = "1.4.3"
source = "registry+https://github.com/rust-lang/crates.io-index"
checksum = "14c189c53d098945499cdfa7ecc63567cf3886b3332b312a5b4585d8d3a6a610"

[[package]]
name = "convert_case"
version = "0.4.0"
source = "registry+https://github.com/rust-lang/crates.io-index"
checksum = "6245d59a3e82a7fc217c5828a6692dbc6dfb63a0c8c90495621f7b9d79704a0e"

[[package]]
name = "cortex-m"
version = "0.7.3"
source = "registry+https://github.com/rust-lang/crates.io-index"
checksum = "2ac919ef424449ec8c08d515590ce15d9262c0ca5f0da5b0c901e971a3b783b3"
dependencies = [
 "bare-metal",
 "bitfield",
 "embedded-hal",
 "volatile-register",
]

[[package]]
name = "derive_more"
version = "0.99.16"
source = "registry+https://github.com/rust-lang/crates.io-index"
checksum = "40eebddd2156ce1bb37b20bbe5151340a31828b1f2d22ba4141f3531710e38df"
dependencies = [
 "convert_case",
 "proc-macro2",
 "quote",
 "rustc_version 0.3.3",
 "syn",
]

[[package]]
name = "dotos"
version = "0.1.0"
dependencies = [
 "bitaccess",
 "bitflags",
 "derive_more",
 "heapless",
 "num-derive",
 "num-traits",
 "tock-registers",
]

[[package]]
name = "embedded-hal"
version = "0.2.6"
source = "registry+https://github.com/rust-lang/crates.io-index"
checksum = "e36cfb62ff156596c892272f3015ef952fe1525e85261fa3a7f327bd6b384ab9"
dependencies = [
 "nb 0.1.3",
 "void",
]

[[package]]
name = "hash32"
version = "0.2.1"
source = "registry+https://github.com/rust-lang/crates.io-index"
checksum = "b0c35f58762feb77d74ebe43bdbc3210f09be9fe6742234d573bacc26ed92b67"
dependencies = [
 "byteorder",
]

[[package]]
name = "heapless"
version = "0.7.5"
source = "registry+https://github.com/rust-lang/crates.io-index"
checksum = "50530280e9a947b192e3a30a9d7bcead527b22da30ff7cbd334233d820aaf82a"
dependencies = [
 "atomic-polyfill",
 "hash32",
 "stable_deref_trait",
]

[[package]]
name = "nb"
version = "0.1.3"
source = "registry+https://github.com/rust-lang/crates.io-index"
checksum = "801d31da0513b6ec5214e9bf433a77966320625a37860f910be265be6e18d06f"
dependencies = [
 "nb 1.0.0",
]

[[package]]
name = "nb"
version = "1.0.0"
source = "registry+https://github.com/rust-lang/crates.io-index"
checksum = "546c37ac5d9e56f55e73b677106873d9d9f5190605e41a856503623648488cae"

[[package]]
name = "num-derive"
version = "0.3.3"
source = "registry+https://github.com/rust-lang/crates.io-index"
checksum = "876a53fff98e03a936a674b29568b0e605f06b29372c2489ff4de23f1949743d"
dependencies = [
 "proc-macro2",
 "quote",
 "syn",
]

[[package]]
name = "num-traits"
version = "0.2.14"
source = "registry+https://github.com/rust-lang/crates.io-index"
checksum = "9a64b1ec5cda2586e284722486d802acf1f7dbdc623e2bfc57e65ca1cd099290"
dependencies = [
 "autocfg",
]

[[package]]
name = "pest"
version = "2.1.3"
source = "registry+https://github.com/rust-lang/crates.io-index"
checksum = "10f4872ae94d7b90ae48754df22fd42ad52ce740b8f370b03da4835417403e53"
dependencies = [
 "ucd-trie",
]

[[package]]
name = "proc-macro-error"
version = "1.0.4"
source = "registry+https://github.com/rust-lang/crates.io-index"
checksum = "da25490ff9892aab3fcf7c36f08cfb902dd3e71ca0f9f9517bea02a73a5ce38c"
dependencies = [
 "proc-macro-error-attr",
 "proc-macro2",
 "quote",
 "syn",
 "version_check",
]

[[package]]
name = "proc-macro-error-attr"
version = "1.0.4"
source = "registry+https://github.com/rust-lang/crates.io-index"
checksum = "a1be40180e52ecc98ad80b184934baf3d0d29f979574e439af5a55274b35f869"
dependencies = [
 "proc-macro2",
 "quote",
 "version_check",
]

[[package]]
name = "proc-macro2"
version = "1.0.29"
source = "registry+https://github.com/rust-lang/crates.io-index"
checksum = "b9f5105d4fdaab20335ca9565e106a5d9b82b6219b5ba735731124ac6711d23d"
dependencies = [
 "unicode-xid",
]

[[package]]
name = "quote"
version = "1.0.9"
source = "registry+https://github.com/rust-lang/crates.io-index"
checksum = "c3d0b9745dc2debf507c8422de05d7226cc1f0644216dfdfead988f9b1ab32a7"
dependencies = [
 "proc-macro2",
]

[[package]]
name = "rustc_version"
version = "0.2.3"
source = "registry+https://github.com/rust-lang/crates.io-index"
checksum = "138e3e0acb6c9fb258b19b67cb8abd63c00679d2851805ea151465464fe9030a"
dependencies = [
 "semver 0.9.0",
]

[[package]]
name = "rustc_version"
version = "0.3.3"
source = "registry+https://github.com/rust-lang/crates.io-index"
checksum = "f0dfe2087c51c460008730de8b57e6a320782fbfb312e1f4d520e6c6fae155ee"
dependencies = [
 "semver 0.11.0",
]

[[package]]
name = "semver"
version = "0.9.0"
source = "registry+https://github.com/rust-lang/crates.io-index"
checksum = "1d7eb9ef2c18661902cc47e535f9bc51b78acd254da71d375c2f6720d9a40403"
dependencies = [
 "semver-parser 0.7.0",
]

[[package]]
name = "semver"
version = "0.11.0"
source = "registry+https://github.com/rust-lang/crates.io-index"
checksum = "f301af10236f6df4160f7c3f04eec6dbc70ace82d23326abad5edee88801c6b6"
dependencies = [
 "semver-parser 0.10.2",
]

[[package]]
name = "semver-parser"
version = "0.7.0"
source = "registry+https://github.com/rust-lang/crates.io-index"
checksum = "388a1df253eca08550bef6c72392cfe7c30914bf41df5269b68cbd6ff8f570a3"

[[package]]
name = "semver-parser"
version = "0.10.2"
source = "registry+https://github.com/rust-lang/crates.io-index"
checksum = "00b0bef5b7f9e0df16536d3961cfb6e84331c065b4066afb39768d0e319411f7"
dependencies = [
 "pest",
]

[[package]]
name = "stable_deref_trait"
version = "1.2.0"
source = "registry+https://github.com/rust-lang/crates.io-index"
checksum = "a8f112729512f8e442d81f95a8a7ddf2b7c6b8a1a6f509a95864142b30cab2d3"

[[package]]
name = "syn"
version = "1.0.76"
source = "registry+https://github.com/rust-lang/crates.io-index"
checksum = "c6f107db402c2c2055242dbf4d2af0e69197202e9faacbef9571bbe47f5a1b84"
dependencies = [
 "proc-macro2",
 "quote",
 "unicode-xid",
]

[[package]]
name = "tock-registers"
version = "0.7.0"
source = "registry+https://github.com/rust-lang/crates.io-index"
checksum = "4ee8fba06c1f4d0b396ef61a54530bb6b28f0dc61c38bc8bc5a5a48161e6282e"

[[package]]
name = "ucd-trie"
version = "0.1.3"
source = "registry+https://github.com/rust-lang/crates.io-index"
checksum = "56dee185309b50d1f11bfedef0fe6d036842e3fb77413abef29f8f8d1c5d4c1c"

[[package]]
name = "unicode-xid"
version = "0.2.2"
source = "registry+https://github.com/rust-lang/crates.io-index"
checksum = "8ccb82d61f80a663efe1f787a51b16b5a51e3314d6ac365b08639f52387b33f3"

[[package]]
name = "vcell"
version = "0.1.3"
source = "registry+https://github.com/rust-lang/crates.io-index"
checksum = "77439c1b53d2303b20d9459b1ade71a83c716e3f9c34f3228c00e6f185d6c002"

[[package]]
name = "version_check"
version = "0.9.3"
source = "registry+https://github.com/rust-lang/crates.io-index"
checksum = "5fecdca9a5291cc2b8dcf7dc02453fee791a280f3743cb0905f8822ae463b3fe"

[[package]]
name = "void"
version = "1.0.2"
source = "registry+https://github.com/rust-lang/crates.io-index"
checksum = "6a02e4885ed3bc0f2de90ea6dd45ebcbb66dacffe03547fadbb0eeae2770887d"

[[package]]
name = "volatile-register"
version = "0.2.1"
source = "registry+https://github.com/rust-lang/crates.io-index"
checksum = "9ee8f19f9d74293faf70901bc20ad067dc1ad390d2cbf1e3f75f721ffee908b6"
dependencies = [
 "vcell",
]
