# This file is automatically @generated by Cargo.
# It is not intended for manual editing.
version = 3

[[package]]
name = "cfg-if"
version = "1.0.0"
source = "registry+https://github.com/rust-lang/crates.io-index"
checksum = "baf1de4339761588bc0619e3cbc0120ee582ebb74b53b4efbf79117bd2da40fd"

[[package]]
name = "dotos-arm"
version = "0.1.0"
dependencies = [
 "cfg-if",
 "register",
 "spin",
 "tock-registers",
]

[[package]]
name = "lock_api"
version = "0.4.3"
source = "registry+https://github.com/rust-lang/crates.io-index"
checksum = "5a3c91c24eae6777794bb1997ad98bbb87daf92890acab859f7eaa4320333176"
dependencies = [
 "scopeguard",
]

[[package]]
name = "register"
version = "1.0.2"
source = "registry+https://github.com/rust-lang/crates.io-index"
checksum = "f4a247de29ab7cc8f5006cfe775c4a81c704f9914c5e2a79696862e643135433"
dependencies = [
 "tock-registers",
]

[[package]]
name = "scopeguard"
version = "1.1.0"
source = "registry+https://github.com/rust-lang/crates.io-index"
checksum = "d29ab0c6d3fc0ee92fe66e2d99f700eab17a8d57d1c1d3b748380fb20baa78cd"

[[package]]
name = "spin"
version = "0.9.0"
source = "registry+https://github.com/rust-lang/crates.io-index"
checksum = "b87bbf98cb81332a56c1ee8929845836f85e8ddd693157c30d76660196014478"
dependencies = [
 "lock_api",
]

[[package]]
name = "tock-registers"
version = "0.6.0"
source = "git+https://github.com/luke-biel/tock#8bf3a98a0acd3e3cda7d11d6b15035a764fb1328"
